
Microsoft Visual Studio Solution File, Format Version 12.00
# Visual Studio 2012
Project("{FAE04EC0-301F-11D3-BF4B-00C04F79EFBC}") = "Dns", "Dns\Dns.csproj", "{F8291BA4-4FB4-428D-B193-0982133C50F3}"
EndProject
Project("{FAE04EC0-301F-11D3-BF4B-00C04F79EFBC}") = "Dns.Test", "Dns.Test\Dns.Test.csproj", "{4A4E8F05-7707-470D-B3AE-71057E4A4EDF}"
EndProject
Global
	GlobalSection(SolutionConfigurationPlatforms) = preSolution
		Debug|Any CPU = Debug|Any CPU
		Release|Any CPU = Release|Any CPU
	EndGlobalSection
	GlobalSection(ProjectConfigurationPlatforms) = postSolution
		{F8291BA4-4FB4-428D-B193-0982133C50F3}.Debug|Any CPU.ActiveCfg = Debug|Any CPU
		{F8291BA4-4FB4-428D-B193-0982133C50F3}.Debug|Any CPU.Build.0 = Debug|Any CPU
		{F8291BA4-4FB4-428D-B193-0982133C50F3}.Release|Any CPU.ActiveCfg = Release|Any CPU
		{F8291BA4-4FB4-428D-B193-0982133C50F3}.Release|Any CPU.Build.0 = Release|Any CPU
		{4A4E8F05-7707-470D-B3AE-71057E4A4EDF}.Debug|Any CPU.ActiveCfg = Debug|Any CPU
		{4A4E8F05-7707-470D-B3AE-71057E4A4EDF}.Debug|Any CPU.Build.0 = Debug|Any CPU
		{4A4E8F05-7707-470D-B3AE-71057E4A4EDF}.Release|Any CPU.ActiveCfg = Release|Any CPU
		{4A4E8F05-7707-470D-B3AE-71057E4A4EDF}.Release|Any CPU.Build.0 = Release|Any CPU
	EndGlobalSection
	GlobalSection(SolutionProperties) = preSolution
		HideSolutionNode = FALSE
	EndGlobalSection
EndGlobal
